// !$*UTF8*$!
{
	archiveVersion = 1;
	classes = {
	};
	objectVersion = 46;
	objects = {

/* Begin PBXBuildFile section */
		542C6B481DB47F5700FF4B7C /* LoginViewController.m in Sources */ = {isa = PBXBuildFile; fileRef = 542C6B471DB47F5700FF4B7C /* LoginViewController.m */; };
		5450C3BC1DADCB8E000435EC /* main.m in Sources */ = {isa = PBXBuildFile; fileRef = 5450C3BB1DADCB8E000435EC /* main.m */; };
		5450C3BF1DADCB8E000435EC /* AppDelegate.m in Sources */ = {isa = PBXBuildFile; fileRef = 5450C3BE1DADCB8E000435EC /* AppDelegate.m */; };
		5450C3C21DADCB8E000435EC /* ViewController.m in Sources */ = {isa = PBXBuildFile; fileRef = 5450C3C11DADCB8E000435EC /* ViewController.m */; };
		5450C3C51DADCB8E000435EC /* Main.storyboard in Resources */ = {isa = PBXBuildFile; fileRef = 5450C3C31DADCB8E000435EC /* Main.storyboard */; };
		5450C3C71DADCB8E000435EC /* Assets.xcassets in Resources */ = {isa = PBXBuildFile; fileRef = 5450C3C61DADCB8E000435EC /* Assets.xcassets */; };
		5450C3CA1DADCB8E000435EC /* LaunchScreen.storyboard in Resources */ = {isa = PBXBuildFile; fileRef = 5450C3C81DADCB8E000435EC /* LaunchScreen.storyboard */; };
		5450C3D51DADCB8E000435EC /* FlexiumVendorControlTests.m in Sources */ = {isa = PBXBuildFile; fileRef = 5450C3D41DADCB8E000435EC /* FlexiumVendorControlTests.m */; };
		5450C3E01DADCB8E000435EC /* FlexiumVendorControlUITests.m in Sources */ = {isa = PBXBuildFile; fileRef = 5450C3DF1DADCB8E000435EC /* FlexiumVendorControlUITests.m */; };
		5450C3F21DADCC39000435EC /* 入库.png in Resources */ = {isa = PBXBuildFile; fileRef = 5450C3EE1DADCC39000435EC /* 入库.png */; };
		5450C3F31DADCC39000435EC /* 出库.png in Resources */ = {isa = PBXBuildFile; fileRef = 5450C3EF1DADCC39000435EC /* 出库.png */; };
		5450C3F41DADCC39000435EC /* 地点2.png in Resources */ = {isa = PBXBuildFile; fileRef = 5450C3F01DADCC39000435EC /* 地点2.png */; };
		5450C3F51DADCC39000435EC /* 扫一扫2.png in Resources */ = {isa = PBXBuildFile; fileRef = 5450C3F11DADCC39000435EC /* 扫一扫2.png */; };
		5450C3F71DADCC45000435EC /* logo-flexium.png in Resources */ = {isa = PBXBuildFile; fileRef = 5450C3F61DADCC45000435EC /* logo-flexium.png */; };
		5450C3F91DADCC4C000435EC /* normal1.png in Resources */ = {isa = PBXBuildFile; fileRef = 5450C3F81DADCC4C000435EC /* normal1.png */; };
		54E207C31DB0B8E00051B307 /* arear.plist in Resources */ = {isa = PBXBuildFile; fileRef = 54E207C21DB0B8E00051B307 /* arear.plist */; };
		54FC97081DED2EB30044587B /* ZYScannerView.m in Sources */ = {isa = PBXBuildFile; fileRef = 54FC97071DED2EB30044587B /* ZYScannerView.m */; };
/* End PBXBuildFile section */

/* Begin PBXContainerItemProxy section */
		5450C3D11DADCB8E000435EC /* PBXContainerItemProxy */ = {
			isa = PBXContainerItemProxy;
			containerPortal = 5450C3AF1DADCB8D000435EC /* Project object */;
			proxyType = 1;
			remoteGlobalIDString = 5450C3B61DADCB8D000435EC;
			remoteInfo = FlexiumVendorControl;
		};
		5450C3DC1DADCB8E000435EC /* PBXContainerItemProxy */ = {
			isa = PBXContainerItemProxy;
			containerPortal = 5450C3AF1DADCB8D000435EC /* Project object */;
			proxyType = 1;
			remoteGlobalIDString = 5450C3B61DADCB8D000435EC;
			remoteInfo = FlexiumVendorControl;
		};
/* End PBXContainerItemProxy section */

/* Begin PBXFileReference section */
		542C6B461DB47F5700FF4B7C /* LoginViewController.h */ = {isa = PBXFileReference; fileEncoding = 4; lastKnownFileType = sourcecode.c.h; name = LoginViewController.h; path = ../LoginViewController.h; sourceTree = "<group>"; };
		542C6B471DB47F5700FF4B7C /* LoginViewController.m */ = {isa = PBXFileReference; fileEncoding = 4; lastKnownFileType = sourcecode.c.objc; name = LoginViewController.m; path = ../LoginViewController.m; sourceTree = "<group>"; };
		5450C3B71DADCB8D000435EC /* 厂商进出.app */ = {isa = PBXFileReference; explicitFileType = wrapper.application; includeInIndex = 0; path = "厂商进出.app"; sourceTree = BUILT_PRODUCTS_DIR; };
		5450C3BB1DADCB8E000435EC /* main.m */ = {isa = PBXFileReference; lastKnownFileType = sourcecode.c.objc; path = main.m; sourceTree = "<group>"; };
		5450C3BD1DADCB8E000435EC /* AppDelegate.h */ = {isa = PBXFileReference; lastKnownFileType = sourcecode.c.h; path = AppDelegate.h; sourceTree = "<group>"; };
		5450C3BE1DADCB8E000435EC /* AppDelegate.m */ = {isa = PBXFileReference; lastKnownFileType = sourcecode.c.objc; path = AppDelegate.m; sourceTree = "<group>"; };
		5450C3C01DADCB8E000435EC /* ViewController.h */ = {isa = PBXFileReference; lastKnownFileType = sourcecode.c.h; path = ViewController.h; sourceTree = "<group>"; };
		5450C3C11DADCB8E000435EC /* ViewController.m */ = {isa = PBXFileReference; lastKnownFileType = sourcecode.c.objc; path = ViewController.m; sourceTree = "<group>"; };
		5450C3C41DADCB8E000435EC /* Base */ = {isa = PBXFileReference; lastKnownFileType = file.storyboard; name = Base; path = Base.lproj/Main.storyboard; sourceTree = "<group>"; };
		5450C3C61DADCB8E000435EC /* Assets.xcassets */ = {isa = PBXFileReference; lastKnownFileType = folder.assetcatalog; path = Assets.xcassets; sourceTree = "<group>"; };
		5450C3C91DADCB8E000435EC /* Base */ = {isa = PBXFileReference; lastKnownFileType = file.storyboard; name = Base; path = Base.lproj/LaunchScreen.storyboard; sourceTree = "<group>"; };
		5450C3CB1DADCB8E000435EC /* Info.plist */ = {isa = PBXFileReference; lastKnownFileType = text.plist.xml; path = Info.plist; sourceTree = "<group>"; };
		5450C3D01DADCB8E000435EC /* FlexiumVendorControlTests.xctest */ = {isa = PBXFileReference; explicitFileType = wrapper.cfbundle; includeInIndex = 0; path = FlexiumVendorControlTests.xctest; sourceTree = BUILT_PRODUCTS_DIR; };
		5450C3D41DADCB8E000435EC /* FlexiumVendorControlTests.m */ = {isa = PBXFileReference; lastKnownFileType = sourcecode.c.objc; path = FlexiumVendorControlTests.m; sourceTree = "<group>"; };
		5450C3D61DADCB8E000435EC /* Info.plist */ = {isa = PBXFileReference; lastKnownFileType = text.plist.xml; path = Info.plist; sourceTree = "<group>"; };
		5450C3DB1DADCB8E000435EC /* FlexiumVendorControlUITests.xctest */ = {isa = PBXFileReference; explicitFileType = wrapper.cfbundle; includeInIndex = 0; path = FlexiumVendorControlUITests.xctest; sourceTree = BUILT_PRODUCTS_DIR; };
		5450C3DF1DADCB8E000435EC /* FlexiumVendorControlUITests.m */ = {isa = PBXFileReference; lastKnownFileType = sourcecode.c.objc; path = FlexiumVendorControlUITests.m; sourceTree = "<group>"; };
		5450C3E11DADCB8E000435EC /* Info.plist */ = {isa = PBXFileReference; lastKnownFileType = text.plist.xml; path = Info.plist; sourceTree = "<group>"; };
		5450C3EE1DADCC39000435EC /* 入库.png */ = {isa = PBXFileReference; lastKnownFileType = image.png; path = "入库.png"; sourceTree = "<group>"; };
		5450C3EF1DADCC39000435EC /* 出库.png */ = {isa = PBXFileReference; lastKnownFileType = image.png; path = "出库.png"; sourceTree = "<group>"; };
		5450C3F01DADCC39000435EC /* 地点2.png */ = {isa = PBXFileReference; lastKnownFileType = image.png; path = "地点2.png"; sourceTree = "<group>"; };
		5450C3F11DADCC39000435EC /* 扫一扫2.png */ = {isa = PBXFileReference; lastKnownFileType = image.png; path = "扫一扫2.png"; sourceTree = "<group>"; };
		5450C3F61DADCC45000435EC /* logo-flexium.png */ = {isa = PBXFileReference; lastKnownFileType = image.png; path = "logo-flexium.png"; sourceTree = "<group>"; };
		5450C3F81DADCC4C000435EC /* normal1.png */ = {isa = PBXFileReference; lastKnownFileType = image.png; path = normal1.png; sourceTree = "<group>"; };
		54E207C21DB0B8E00051B307 /* arear.plist */ = {isa = PBXFileReference; fileEncoding = 4; lastKnownFileType = text.plist.xml; path = arear.plist; sourceTree = "<group>"; };
		54FC97061DED2EB30044587B /* ZYScannerView.h */ = {isa = PBXFileReference; fileEncoding = 4; lastKnownFileType = sourcecode.c.h; path = ZYScannerView.h; sourceTree = "<group>"; };
		54FC97071DED2EB30044587B /* ZYScannerView.m */ = {isa = PBXFileReference; fileEncoding = 4; lastKnownFileType = sourcecode.c.objc; path = ZYScannerView.m; sourceTree = "<group>"; };
/* End PBXFileReference section */

/* Begin PBXFrameworksBuildPhase section */
		5450C3B41DADCB8D000435EC /* Frameworks */ = {
			isa = PBXFrameworksBuildPhase;
			buildActionMask = 2147483647;
			files = (
			);
			runOnlyForDeploymentPostprocessing = 0;
		};
		5450C3CD1DADCB8E000435EC /* Frameworks */ = {
			isa = PBXFrameworksBuildPhase;
			buildActionMask = 2147483647;
			files = (
			);
			runOnlyForDeploymentPostprocessing = 0;
		};
		5450C3D81DADCB8E000435EC /* Frameworks */ = {
			isa = PBXFrameworksBuildPhase;
			buildActionMask = 2147483647;
			files = (
			);
			runOnlyForDeploymentPostprocessing = 0;
		};
/* End PBXFrameworksBuildPhase section */

/* Begin PBXGroup section */
		5450C3AE1DADCB8D000435EC = {
			isa = PBXGroup;
			children = (
				5450C3B91DADCB8E000435EC /* FlexiumVendorControl */,
				5450C3D31DADCB8E000435EC /* FlexiumVendorControlTests */,
				5450C3DE1DADCB8E000435EC /* FlexiumVendorControlUITests */,
				5450C3B81DADCB8D000435EC /* Products */,
			);
			sourceTree = "<group>";
		};
		5450C3B81DADCB8D000435EC /* Products */ = {
			isa = PBXGroup;
			children = (
				5450C3B71DADCB8D000435EC /* 厂商进出.app */,
				5450C3D01DADCB8E000435EC /* FlexiumVendorControlTests.xctest */,
				5450C3DB1DADCB8E000435EC /* FlexiumVendorControlUITests.xctest */,
			);
			name = Products;
			sourceTree = "<group>";
		};
		5450C3B91DADCB8E000435EC /* FlexiumVendorControl */ = {
			isa = PBXGroup;
			children = (
				5450C3ED1DADCC07000435EC /* image */,
				5450C3FA1DADCC5F000435EC /* scan */,
				5450C3BD1DADCB8E000435EC /* AppDelegate.h */,
				5450C3BE1DADCB8E000435EC /* AppDelegate.m */,
				5450C3C01DADCB8E000435EC /* ViewController.h */,
				5450C3C11DADCB8E000435EC /* ViewController.m */,
				542C6B461DB47F5700FF4B7C /* LoginViewController.h */,
				542C6B471DB47F5700FF4B7C /* LoginViewController.m */,
				5450C3C31DADCB8E000435EC /* Main.storyboard */,
				5450C3C61DADCB8E000435EC /* Assets.xcassets */,
				5450C3C81DADCB8E000435EC /* LaunchScreen.storyboard */,
				5450C3CB1DADCB8E000435EC /* Info.plist */,
				5450C3BA1DADCB8E000435EC /* Supporting Files */,
				54E207C21DB0B8E00051B307 /* arear.plist */,
			);
			path = FlexiumVendorControl;
			sourceTree = "<group>";
		};
		5450C3BA1DADCB8E000435EC /* Supporting Files */ = {
			isa = PBXGroup;
			children = (
				5450C3BB1DADCB8E000435EC /* main.m */,
			);
			name = "Supporting Files";
			sourceTree = "<group>";
		};
		5450C3D31DADCB8E000435EC /* FlexiumVendorControlTests */ = {
			isa = PBXGroup;
			children = (
				5450C3D41DADCB8E000435EC /* FlexiumVendorControlTests.m */,
				5450C3D61DADCB8E000435EC /* Info.plist */,
			);
			path = FlexiumVendorControlTests;
			sourceTree = "<group>";
		};
		5450C3DE1DADCB8E000435EC /* FlexiumVendorControlUITests */ = {
			isa = PBXGroup;
			children = (
				5450C3DF1DADCB8E000435EC /* FlexiumVendorControlUITests.m */,
				5450C3E11DADCB8E000435EC /* Info.plist */,
			);
			path = FlexiumVendorControlUITests;
			sourceTree = "<group>";
		};
		5450C3ED1DADCC07000435EC /* image */ = {
			isa = PBXGroup;
			children = (
				5450C3F81DADCC4C000435EC /* normal1.png */,
				5450C3F61DADCC45000435EC /* logo-flexium.png */,
				5450C3EE1DADCC39000435EC /* 入库.png */,
				5450C3EF1DADCC39000435EC /* 出库.png */,
				5450C3F01DADCC39000435EC /* 地点2.png */,
				5450C3F11DADCC39000435EC /* 扫一扫2.png */,
			);
			name = image;
			sourceTree = "<group>";
		};
		5450C3FA1DADCC5F000435EC /* scan */ = {
			isa = PBXGroup;
			children = (
				54FC97061DED2EB30044587B /* ZYScannerView.h */,
				54FC97071DED2EB30044587B /* ZYScannerView.m */,
			);
			path = scan;
			sourceTree = "<group>";
		};
/* End PBXGroup section */

/* Begin PBXNativeTarget section */
		5450C3B61DADCB8D000435EC /* FlexiumVendorControl */ = {
			isa = PBXNativeTarget;
			buildConfigurationList = 5450C3E41DADCB8E000435EC /* Build configuration list for PBXNativeTarget "FlexiumVendorControl" */;
			buildPhases = (
				5450C3B31DADCB8D000435EC /* Sources */,
				5450C3B41DADCB8D000435EC /* Frameworks */,
				5450C3B51DADCB8D000435EC /* Resources */,
			);
			buildRules = (
			);
			dependencies = (
			);
			name = FlexiumVendorControl;
			productName = FlexiumVendorControl;
			productReference = 5450C3B71DADCB8D000435EC /* 厂商进出.app */;
			productType = "com.apple.product-type.application";
		};
		5450C3CF1DADCB8E000435EC /* FlexiumVendorControlTests */ = {
			isa = PBXNativeTarget;
			buildConfigurationList = 5450C3E71DADCB8E000435EC /* Build configuration list for PBXNativeTarget "FlexiumVendorControlTests" */;
			buildPhases = (
				5450C3CC1DADCB8E000435EC /* Sources */,
				5450C3CD1DADCB8E000435EC /* Frameworks */,
				5450C3CE1DADCB8E000435EC /* Resources */,
			);
			buildRules = (
			);
			dependencies = (
				5450C3D21DADCB8E000435EC /* PBXTargetDependency */,
			);
			name = FlexiumVendorControlTests;
			productName = FlexiumVendorControlTests;
			productReference = 5450C3D01DADCB8E000435EC /* FlexiumVendorControlTests.xctest */;
			productType = "com.apple.product-type.bundle.unit-test";
		};
		5450C3DA1DADCB8E000435EC /* FlexiumVendorControlUITests */ = {
			isa = PBXNativeTarget;
			buildConfigurationList = 5450C3EA1DADCB8E000435EC /* Build configuration list for PBXNativeTarget "FlexiumVendorControlUITests" */;
			buildPhases = (
				5450C3D71DADCB8E000435EC /* Sources */,
				5450C3D81DADCB8E000435EC /* Frameworks */,
				5450C3D91DADCB8E000435EC /* Resources */,
			);
			buildRules = (
			);
			dependencies = (
				5450C3DD1DADCB8E000435EC /* PBXTargetDependency */,
			);
			name = FlexiumVendorControlUITests;
			productName = FlexiumVendorControlUITests;
			productReference = 5450C3DB1DADCB8E000435EC /* FlexiumVendorControlUITests.xctest */;
			productType = "com.apple.product-type.bundle.ui-testing";
		};
/* End PBXNativeTarget section */

/* Begin PBXProject section */
		5450C3AF1DADCB8D000435EC /* Project object */ = {
			isa = PBXProject;
			attributes = {
				LastUpgradeCheck = 0730;
				ORGANIZATIONNAME = flexium;
				TargetAttributes = {
					5450C3B61DADCB8D000435EC = {
						CreatedOnToolsVersion = 7.3;
						DevelopmentTeam = J57888S29T;
					};
					5450C3CF1DADCB8E000435EC = {
						CreatedOnToolsVersion = 7.3;
						TestTargetID = 5450C3B61DADCB8D000435EC;
					};
					5450C3DA1DADCB8E000435EC = {
						CreatedOnToolsVersion = 7.3;
						TestTargetID = 5450C3B61DADCB8D000435EC;
					};
				};
			};
			buildConfigurationList = 5450C3B21DADCB8D000435EC /* Build configuration list for PBXProject "FlexiumVendorControl" */;
			compatibilityVersion = "Xcode 3.2";
			developmentRegion = English;
			hasScannedForEncodings = 0;
			knownRegions = (
				en,
				Base,
			);
			mainGroup = 5450C3AE1DADCB8D000435EC;
			productRefGroup = 5450C3B81DADCB8D000435EC /* Products */;
			projectDirPath = "";
			projectRoot = "";
			targets = (
				5450C3B61DADCB8D000435EC /* FlexiumVendorControl */,
				5450C3CF1DADCB8E000435EC /* FlexiumVendorControlTests */,
				5450C3DA1DADCB8E000435EC /* FlexiumVendorControlUITests */,
			);
		};
/* End PBXProject section */

/* Begin PBXResourcesBuildPhase section */
		5450C3B51DADCB8D000435EC /* Resources */ = {
			isa = PBXResourcesBuildPhase;
			buildActionMask = 2147483647;
			files = (
				5450C3F31DADCC39000435EC /* 出库.png in Resources */,
				5450C3CA1DADCB8E000435EC /* LaunchScreen.storyboard in Resources */,
				5450C3F51DADCC39000435EC /* 扫一扫2.png in Resources */,
				5450C3F71DADCC45000435EC /* logo-flexium.png in Resources */,
				54E207C31DB0B8E00051B307 /* arear.plist in Resources */,
				5450C3F21DADCC39000435EC /* 入库.png in Resources */,
				5450C3F41DADCC39000435EC /* 地点2.png in Resources */,
				5450C3C71DADCB8E000435EC /* Assets.xcassets in Resources */,
				5450C3C51DADCB8E000435EC /* Main.storyboard in Resources */,
				5450C3F91DADCC4C000435EC /* normal1.png in Resources */,
			);
			runOnlyForDeploymentPostprocessing = 0;
		};
		5450C3CE1DADCB8E000435EC /* Resources */ = {
			isa = PBXResourcesBuildPhase;
			buildActionMask = 2147483647;
			files = (
			);
			runOnlyForDeploymentPostprocessing = 0;
		};
		5450C3D91DADCB8E000435EC /* Resources */ = {
			isa = PBXResourcesBuildPhase;
			buildActionMask = 2147483647;
			files = (
			);
			runOnlyForDeploymentPostprocessing = 0;
		};
/* End PBXResourcesBuildPhase section */

/* Begin PBXSourcesBuildPhase section */
		5450C3B31DADCB8D000435EC /* Sources */ = {
			isa = PBXSourcesBuildPhase;
			buildActionMask = 2147483647;
			files = (
				5450C3C21DADCB8E000435EC /* ViewController.m in Sources */,
				54FC97081DED2EB30044587B /* ZYScannerView.m in Sources */,
				5450C3BF1DADCB8E000435EC /* AppDelegate.m in Sources */,
				5450C3BC1DADCB8E000435EC /* main.m in Sources */,
				542C6B481DB47F5700FF4B7C /* LoginViewController.m in Sources */,
			);
			runOnlyForDeploymentPostprocessing = 0;
		};
		5450C3CC1DADCB8E000435EC /* Sources */ = {
			isa = PBXSourcesBuildPhase;
			buildActionMask = 2147483647;
			files = (
				5450C3D51DADCB8E000435EC /* FlexiumVendorControlTests.m in Sources */,
			);
			runOnlyForDeploymentPostprocessing = 0;
		};
		5450C3D71DADCB8E000435EC /* Sources */ = {
			isa = PBXSourcesBuildPhase;
			buildActionMask = 2147483647;
			files = (
				5450C3E01DADCB8E000435EC /* FlexiumVendorControlUITests.m in Sources */,
			);
			runOnlyForDeploymentPostprocessing = 0;
		};
/* End PBXSourcesBuildPhase section */

/* Begin PBXTargetDependency section */
		5450C3D21DADCB8E000435EC /* PBXTargetDependency */ = {
			isa = PBXTargetDependency;
			target = 5450C3B61DADCB8D000435EC /* FlexiumVendorControl */;
			targetProxy = 5450C3D11DADCB8E000435EC /* PBXContainerItemProxy */;
		};
		5450C3DD1DADCB8E000435EC /* PBXTargetDependency */ = {
			isa = PBXTargetDependency;
			target = 5450C3B61DADCB8D000435EC /* FlexiumVendorControl */;
			targetProxy = 5450C3DC1DADCB8E000435EC /* PBXContainerItemProxy */;
		};
/* End PBXTargetDependency section */

/* Begin PBXVariantGroup section */
		5450C3C31DADCB8E000435EC /* Main.storyboard */ = {
			isa = PBXVariantGroup;
			children = (
				5450C3C41DADCB8E000435EC /* Base */,
			);
			name = Main.storyboard;
			sourceTree = "<group>";
		};
		5450C3C81DADCB8E000435EC /* LaunchScreen.storyboard */ = {
			isa = PBXVariantGroup;
			children = (
				5450C3C91DADCB8E000435EC /* Base */,
			);
			name = LaunchScreen.storyboard;
			sourceTree = "<group>";
		};
/* End PBXVariantGroup section */

/* Begin XCBuildConfiguration section */
		5450C3E21DADCB8E000435EC /* Debug */ = {
			isa = XCBuildConfiguration;
			buildSettings = {
				ALWAYS_SEARCH_USER_PATHS = NO;
				CLANG_ANALYZER_NONNULL = YES;
				CLANG_CXX_LANGUAGE_STANDARD = "gnu++0x";
				CLANG_CXX_LIBRARY = "libc++";
				CLANG_ENABLE_MODULES = YES;
				CLANG_ENABLE_OBJC_ARC = YES;
				CLANG_WARN_BOOL_CONVERSION = YES;
				CLANG_WARN_CONSTANT_CONVERSION = YES;
				CLANG_WARN_DIRECT_OBJC_ISA_USAGE = YES_ERROR;
				CLANG_WARN_EMPTY_BODY = YES;
				CLANG_WARN_ENUM_CONVERSION = YES;
				CLANG_WARN_INT_CONVERSION = YES;
				CLANG_WARN_OBJC_ROOT_CLASS = YES_ERROR;
				CLANG_WARN_UNREACHABLE_CODE = YES;
				CLANG_WARN__DUPLICATE_METHOD_MATCH = YES;
				CODE_SIGN_IDENTITY = "iPhone Developer";
				"CODE_SIGN_IDENTITY[sdk=iphoneos*]" = "iPhone Developer";
				COPY_PHASE_STRIP = NO;
				DEBUG_INFORMATION_FORMAT = dwarf;
				ENABLE_STRICT_OBJC_MSGSEND = YES;
				ENABLE_TESTABILITY = YES;
				GCC_C_LANGUAGE_STANDARD = gnu99;
				GCC_DYNAMIC_NO_PIC = NO;
				GCC_NO_COMMON_BLOCKS = YES;
				GCC_OPTIMIZATION_LEVEL = 0;
				GCC_PREPROCESSOR_DEFINITIONS = (
					"DEBUG=1",
					"$(inherited)",
				);
				GCC_WARN_64_TO_32_BIT_CONVERSION = YES;
				GCC_WARN_ABOUT_RETURN_TYPE = YES_ERROR;
				GCC_WARN_UNDECLARED_SELECTOR = YES;
				GCC_WARN_UNINITIALIZED_AUTOS = YES_AGGRESSIVE;
				GCC_WARN_UNUSED_FUNCTION = YES;
				GCC_WARN_UNUSED_VARIABLE = YES;
				IPHONEOS_DEPLOYMENT_TARGET = 9.3;
				MTL_ENABLE_DEBUG_INFO = YES;
				ONLY_ACTIVE_ARCH = YES;
				SDKROOT = iphoneos;
			};
			name = Debug;
		};
		5450C3E31DADCB8E000435EC /* Release */ = {
			isa = XCBuildConfiguration;
			buildSettings = {
				ALWAYS_SEARCH_USER_PATHS = NO;
				CLANG_ANALYZER_NONNULL = YES;
				CLANG_CXX_LANGUAGE_STANDARD = "gnu++0x";
				CLANG_CXX_LIBRARY = "libc++";
				CLANG_ENABLE_MODULES = YES;
				CLANG_ENABLE_OBJC_ARC = YES;
				CLANG_WARN_BOOL_CONVERSION = YES;
				CLANG_WARN_CONSTANT_CONVERSION = YES;
				CLANG_WARN_DIRECT_OBJC_ISA_USAGE = YES_ERROR;
				CLANG_WARN_EMPTY_BODY = YES;
				CLANG_WARN_ENUM_CONVERSION = YES;
				CLANG_WARN_INT_CONVERSION = YES;
				CLANG_WARN_OBJC_ROOT_CLASS = YES_ERROR;
				CLANG_WARN_UNREACHABLE_CODE = YES;
				CLANG_WARN__DUPLICATE_METHOD_MATCH = YES;
				CODE_SIGN_IDENTITY = "iPhone Developer";
				"CODE_SIGN_IDENTITY[sdk=iphoneos*]" = "iPhone Developer";
				COPY_PHASE_STRIP = NO;
				DEBUG_INFORMATION_FORMAT = "dwarf-with-dsym";
				ENABLE_NS_ASSERTIONS = NO;
				ENABLE_STRICT_OBJC_MSGSEND = YES;
				GCC_C_LANGUAGE_STANDARD = gnu99;
				GCC_NO_COMMON_BLOCKS = YES;
				GCC_WARN_64_TO_32_BIT_CONVERSION = YES;
				GCC_WARN_ABOUT_RETURN_TYPE = YES_ERROR;
				GCC_WARN_UNDECLARED_SELECTOR = YES;
				GCC_WARN_UNINITIALIZED_AUTOS = YES_AGGRESSIVE;
				GCC_WARN_UNUSED_FUNCTION = YES;
				GCC_WARN_UNUSED_VARIABLE = YES;
				IPHONEOS_DEPLOYMENT_TARGET = 9.3;
				MTL_ENABLE_DEBUG_INFO = NO;
				SDKROOT = iphoneos;
				VALIDATE_PRODUCT = YES;
			};
			name = Release;
		};
		5450C3E51DADCB8E000435EC /* Debug */ = {
			isa = XCBuildConfiguration;
			buildSettings = {
				ASSETCATALOG_COMPILER_APPICON_NAME = AppIcon;
				CODE_SIGN_IDENTITY = "";
				"CODE_SIGN_IDENTITY[sdk=iphoneos*]" = "iPhone Developer";
				INFOPLIST_FILE = FlexiumVendorControl/Info.plist;
				LD_RUNPATH_SEARCH_PATHS = "$(inherited) @executable_path/Frameworks";
				PRODUCT_BUNDLE_IDENTIFIER = com.FLEXium.FlexiumVendorControl;
				PRODUCT_NAME = "厂商进出";
				PROVISIONING_PROFILE = "";
			};
			name = Debug;
		};
		5450C3E61DADCB8E000435EC /* Release */ = {
			isa = XCBuildConfiguration;
			buildSettings = {
				ASSETCATALOG_COMPILER_APPICON_NAME = AppIcon;
				CODE_SIGN_IDENTITY = "iPhone Distribution: FLEXium Interconnect(Kunshan), Inc.";
				"CODE_SIGN_IDENTITY[sdk=iphoneos*]" = "iPhone Developer";
				INFOPLIST_FILE = FlexiumVendorControl/Info.plist;
				LD_RUNPATH_SEARCH_PATHS = "$(inherited) @executable_path/Frameworks";
				PRODUCT_BUNDLE_IDENTIFIER = com.FLEXium.FlexiumVendorControl;
				PRODUCT_NAME = "厂商进出";
				PROVISIONING_PROFILE = "";
			};
			name = Release;
		};
		5450C3E81DADCB8E000435EC /* Debug */ = {
			isa = XCBuildConfiguration;
			buildSettings = {
				BUNDLE_LOADER = "$(TEST_HOST)";
				INFOPLIST_FILE = FlexiumVendorControlTests/Info.plist;
				LD_RUNPATH_SEARCH_PATHS = "$(inherited) @executable_path/Frameworks @loader_path/Frameworks";
				PRODUCT_BUNDLE_IDENTIFIER = Flexiumcn.FlexiumVendorControlTests;
				PRODUCT_NAME = "$(TARGET_NAME)";
				TEST_HOST = "$(BUILT_PRODUCTS_DIR)/FlexiumVendorControl.app/FlexiumVendorControl";
			};
			name = Debug;
		};
		5450C3E91DADCB8E000435EC /* Release */ = {
			isa = XCBuildConfiguration;
			buildSettings = {
				BUNDLE_LOADER = "$(TEST_HOST)";
				INFOPLIST_FILE = FlexiumVendorControlTests/Info.plist;
				LD_RUNPATH_SEARCH_PATHS = "$(inherited) @executable_path/Frameworks @loader_path/Frameworks";
				PRODUCT_BUNDLE_IDENTIFIER = Flexiumcn.FlexiumVendorControlTests;
				PRODUCT_NAME = "$(TARGET_NAME)";
				TEST_HOST = "$(BUILT_PRODUCTS_DIR)/FlexiumVendorControl.app/FlexiumVendorControl";
			};
			name = Release;
		};
		5450C3EB1DADCB8E000435EC /* Debug */ = {
			isa = XCBuildConfiguration;
			buildSettings = {
				INFOPLIST_FILE = FlexiumVendorControlUITests/Info.plist;
				LD_RUNPATH_SEARCH_PATHS = "$(inherited) @executable_path/Frameworks @loader_path/Frameworks";
				PRODUCT_BUNDLE_IDENTIFIER = Flexiumcn.FlexiumVendorControlUITests;
				PRODUCT_NAME = "$(TARGET_NAME)";
				TEST_TARGET_NAME = FlexiumVendorControl;
			};
			name = Debug;
		};
		5450C3EC1DADCB8E000435EC /* Release */ = {
			isa = XCBuildConfiguration;
			buildSettings = {
				INFOPLIST_FILE = FlexiumVendorControlUITests/Info.plist;
				LD_RUNPATH_SEARCH_PATHS = "$(inherited) @executable_path/Frameworks @loader_path/Frameworks";
				PRODUCT_BUNDLE_IDENTIFIER = Flexiumcn.FlexiumVendorControlUITests;
				PRODUCT_NAME = "$(TARGET_NAME)";
				TEST_TARGET_NAME = FlexiumVendorControl;
			};
			name = Release;
		};
/* End XCBuildConfiguration section */

/* Begin XCConfigurationList section */
		5450C3B21DADCB8D000435EC /* Build configuration list for PBXProject "FlexiumVendorControl" */ = {
			isa = XCConfigurationList;
			buildConfigurations = (
				5450C3E21DADCB8E000435EC /* Debug */,
				5450C3E31DADCB8E000435EC /* Release */,
			);
			defaultConfigurationIsVisible = 0;
			defaultConfigurationName = Release;
		};
		5450C3E41DADCB8E000435EC /* Build configuration list for PBXNativeTarget "FlexiumVendorControl" */ = {
			isa = XCConfigurationList;
			buildConfigurations = (
				5450C3E51DADCB8E000435EC /* Debug */,
				5450C3E61DADCB8E000435EC /* Release */,
			);
			defaultConfigurationIsVisible = 0;
			defaultConfigurationName = Release;
		};
		5450C3E71DADCB8E000435EC /* Build configuration list for PBXNativeTarget "FlexiumVendorControlTests" */ = {
			isa = XCConfigurationList;
			buildConfigurations = (
				5450C3E81DADCB8E000435EC /* Debug */,
				5450C3E91DADCB8E000435EC /* Release */,
			);
			defaultConfigurationIsVisible = 0;
			defaultConfigurationName = Release;
		};
		5450C3EA1DADCB8E000435EC /* Build configuration list for PBXNativeTarget "FlexiumVendorControlUITests" */ = {
			isa = XCConfigurationList;
			buildConfigurations = (
				5450C3EB1DADCB8E000435EC /* Debug */,
				5450C3EC1DADCB8E000435EC /* Release */,
			);
			defaultConfigurationIsVisible = 0;
			defaultConfigurationName = Release;
		};
/* End XCConfigurationList section */
	};
	rootObject = 5450C3AF1DADCB8D000435EC /* Project object */;
}
